
Microsoft Visual Studio Solution File, Format Version 12.00
# Visual Studio 15
VisualStudioVersion = 15.0.28010.2026
MinimumVisualStudioVersion = 10.0.40219.1
Project("{8BC9CEB8-8B4A-11D0-8D11-00A0C91BC942}") = "Project4Prob2AGAIN", "Project4Prob2AGAIN\Project4Prob2AGAIN.vcxproj", "{501BABCE-617B-46D9-8519-95DEF2C26C67}"
EndProject
Global
	GlobalSection(SolutionConfigurationPlatforms) = preSolution
		Debug|x64 = Debug|x64
		Debug|x86 = Debug|x86
		Release|x64 = Release|x64
		Release|x86 = Release|x86
	EndGlobalSection
	GlobalSection(ProjectConfigurationPlatforms) = postSolution
		{501BABCE-617B-46D9-8519-95DEF2C26C67}.Debug|x64.ActiveCfg = Debug|x64
		{501BABCE-617B-46D9-8519-95DEF2C26C67}.Debug|x64.Build.0 = Debug|x64
		{501BABCE-617B-46D9-8519-95DEF2C26C67}.Debug|x86.ActiveCfg = Debug|Win32
		{501BABCE-617B-46D9-8519-95DEF2C26C67}.Debug|x86.Build.0 = Debug|Win32
		{501BABCE-617B-46D9-8519-95DEF2C26C67}.Release|x64.ActiveCfg = Release|x64
		{501BABCE-617B-46D9-8519-95DEF2C26C67}.Release|x64.Build.0 = Release|x64
		{501BABCE-617B-46D9-8519-95DEF2C26C67}.Release|x86.ActiveCfg = Release|Win32
		{501BABCE-617B-46D9-8519-95DEF2C26C67}.Release|x86.Build.0 = Release|Win32
	EndGlobalSection
	GlobalSection(SolutionProperties) = preSolution
		HideSolutionNode = FALSE
	EndGlobalSection
	GlobalSection(ExtensibilityGlobals) = postSolution
		SolutionGuid = {68C11209-1367-44C0-B0E7-FE2C96FA744B}
	EndGlobalSection
EndGlobal
