
Microsoft Visual Studio Solution File, Format Version 12.00
# Visual Studio 15
VisualStudioVersion = 15.0.28010.2026
MinimumVisualStudioVersion = 10.0.40219.1
Project("{8BC9CEB8-8B4A-11D0-8D11-00A0C91BC942}") = "ProjectProb1", "ProjectProb1\ProjectProb1.vcxproj", "{BFE7654B-ABE2-4EAB-8AE4-94B233012EF5}"
EndProject
Global
	GlobalSection(SolutionConfigurationPlatforms) = preSolution
		Debug|x64 = Debug|x64
		Debug|x86 = Debug|x86
		Release|x64 = Release|x64
		Release|x86 = Release|x86
	EndGlobalSection
	GlobalSection(ProjectConfigurationPlatforms) = postSolution
		{BFE7654B-ABE2-4EAB-8AE4-94B233012EF5}.Debug|x64.ActiveCfg = Debug|x64
		{BFE7654B-ABE2-4EAB-8AE4-94B233012EF5}.Debug|x64.Build.0 = Debug|x64
		{BFE7654B-ABE2-4EAB-8AE4-94B233012EF5}.Debug|x86.ActiveCfg = Debug|Win32
		{BFE7654B-ABE2-4EAB-8AE4-94B233012EF5}.Debug|x86.Build.0 = Debug|Win32
		{BFE7654B-ABE2-4EAB-8AE4-94B233012EF5}.Release|x64.ActiveCfg = Release|x64
		{BFE7654B-ABE2-4EAB-8AE4-94B233012EF5}.Release|x64.Build.0 = Release|x64
		{BFE7654B-ABE2-4EAB-8AE4-94B233012EF5}.Release|x86.ActiveCfg = Release|Win32
		{BFE7654B-ABE2-4EAB-8AE4-94B233012EF5}.Release|x86.Build.0 = Release|Win32
	EndGlobalSection
	GlobalSection(SolutionProperties) = preSolution
		HideSolutionNode = FALSE
	EndGlobalSection
	GlobalSection(ExtensibilityGlobals) = postSolution
		SolutionGuid = {FE50B278-5EA1-4D4A-B3B4-CA0B4E4BC390}
	EndGlobalSection
EndGlobal
